// !$*UTF8*$!
{
	archiveVersion = 1;
	classes = {
	};
	objectVersion = 56;
	objects = {

/* Begin PBXBuildFile section */
		643A4452298F15A10045A739 /* Reloadable.swift in Sources */ = {isa = PBXBuildFile; fileRef = 643A4451298F15A10045A739 /* Reloadable.swift */; };
		643A4455298F18CE0045A739 /* SnapKit in Frameworks */ = {isa = PBXBuildFile; productRef = 643A4454298F18CE0045A739 /* SnapKit */; };
		643AA826298E3FDD00CA082F /* RequestStatuses.swift in Sources */ = {isa = PBXBuildFile; fileRef = 643AA825298E3FDD00CA082F /* RequestStatuses.swift */; };
		643AA828298E6F5700CA082F /* NewsViewModel.swift in Sources */ = {isa = PBXBuildFile; fileRef = 643AA827298E6F5700CA082F /* NewsViewModel.swift */; };
		643FA201298D312C0067910A /* AppDelegate.swift in Sources */ = {isa = PBXBuildFile; fileRef = 643FA200298D312C0067910A /* AppDelegate.swift */; };
		643FA203298D312C0067910A /* SceneDelegate.swift in Sources */ = {isa = PBXBuildFile; fileRef = 643FA202298D312C0067910A /* SceneDelegate.swift */; };
		643FA205298D312C0067910A /* NewsViewController.swift in Sources */ = {isa = PBXBuildFile; fileRef = 643FA204298D312C0067910A /* NewsViewController.swift */; };
		643FA20A298D312D0067910A /* Assets.xcassets in Resources */ = {isa = PBXBuildFile; fileRef = 643FA209298D312D0067910A /* Assets.xcassets */; };
		643FA20D298D312D0067910A /* LaunchScreen.storyboard in Resources */ = {isa = PBXBuildFile; fileRef = 643FA20B298D312D0067910A /* LaunchScreen.storyboard */; };
		643FA219298D35AC0067910A /* NewsTableView.swift in Sources */ = {isa = PBXBuildFile; fileRef = 643FA218298D35AC0067910A /* NewsTableView.swift */; };
		643FA21B298D37630067910A /* NewsTableViewCell.swift in Sources */ = {isa = PBXBuildFile; fileRef = 643FA21A298D37630067910A /* NewsTableViewCell.swift */; };
		643FA21D298D4D6E0067910A /* DetailNewsView.swift in Sources */ = {isa = PBXBuildFile; fileRef = 643FA21C298D4D6E0067910A /* DetailNewsView.swift */; };
		643FA220298D839B0067910A /* NewsListViewModel.swift in Sources */ = {isa = PBXBuildFile; fileRef = 643FA21F298D839B0067910A /* NewsListViewModel.swift */; };
		643FA237298D85590067910A /* NetworkDataService.swift in Sources */ = {isa = PBXBuildFile; fileRef = 643FA225298D85590067910A /* NetworkDataService.swift */; };
		643FA238298D85590067910A /* DataFetcher.swift in Sources */ = {isa = PBXBuildFile; fileRef = 643FA227298D85590067910A /* DataFetcher.swift */; };
		643FA239298D85590067910A /* ServiceType.swift in Sources */ = {isa = PBXBuildFile; fileRef = 643FA229298D85590067910A /* ServiceType.swift */; };
		643FA23A298D85590067910A /* DataFetcherType.swift in Sources */ = {isa = PBXBuildFile; fileRef = 643FA22A298D85590067910A /* DataFetcherType.swift */; };
		643FA23B298D85590067910A /* NetworkDataServiceType.swift in Sources */ = {isa = PBXBuildFile; fileRef = 643FA22B298D85590067910A /* NetworkDataServiceType.swift */; };
		643FA23C298D85590067910A /* DataFetcherServiceType.swift in Sources */ = {isa = PBXBuildFile; fileRef = 643FA22C298D85590067910A /* DataFetcherServiceType.swift */; };
		643FA23D298D85590067910A /* ParametersType.swift in Sources */ = {isa = PBXBuildFile; fileRef = 643FA22E298D85590067910A /* ParametersType.swift */; };
		643FA23F298D85590067910A /* LocalError.swift in Sources */ = {isa = PBXBuildFile; fileRef = 643FA231298D85590067910A /* LocalError.swift */; };
		643FA240298D85590067910A /* CodableError.swift in Sources */ = {isa = PBXBuildFile; fileRef = 643FA232298D85590067910A /* CodableError.swift */; };
		643FA241298D85590067910A /* CustomError.swift in Sources */ = {isa = PBXBuildFile; fileRef = 643FA233298D85590067910A /* CustomError.swift */; };
		643FA242298D85590067910A /* NetworkError.swift in Sources */ = {isa = PBXBuildFile; fileRef = 643FA234298D85590067910A /* NetworkError.swift */; };
		643FA243298D85590067910A /* AlamofireNetworkService.swift in Sources */ = {isa = PBXBuildFile; fileRef = 643FA236298D85590067910A /* AlamofireNetworkService.swift */; };
		643FA245298D85A00067910A /* XMLDataFetcher.swift in Sources */ = {isa = PBXBuildFile; fileRef = 643FA244298D85A00067910A /* XMLDataFetcher.swift */; };
		643FA248298D864B0067910A /* Alamofire in Frameworks */ = {isa = PBXBuildFile; productRef = 643FA247298D864B0067910A /* Alamofire */; };
		643FA24B298D87170067910A /* AFError + extensions.swift in Sources */ = {isa = PBXBuildFile; fileRef = 643FA24A298D87170067910A /* AFError + extensions.swift */; };
		643FA24E298D8BDD0067910A /* NewsModel.swift in Sources */ = {isa = PBXBuildFile; fileRef = 643FA24D298D8BDD0067910A /* NewsModel.swift */; };
		643FA251298D93A40067910A /* XMLParsing in Frameworks */ = {isa = PBXBuildFile; productRef = 643FA250298D93A40067910A /* XMLParsing */; };
/* End PBXBuildFile section */

/* Begin PBXFileReference section */
		643A4451298F15A10045A739 /* Reloadable.swift */ = {isa = PBXFileReference; lastKnownFileType = sourcecode.swift; path = Reloadable.swift; sourceTree = "<group>"; };
		643AA825298E3FDD00CA082F /* RequestStatuses.swift */ = {isa = PBXFileReference; lastKnownFileType = sourcecode.swift; path = RequestStatuses.swift; sourceTree = "<group>"; };
		643AA827298E6F5700CA082F /* NewsViewModel.swift */ = {isa = PBXFileReference; lastKnownFileType = sourcecode.swift; path = NewsViewModel.swift; sourceTree = "<group>"; };
		643FA1FD298D312C0067910A /* RSSReader.app */ = {isa = PBXFileReference; explicitFileType = wrapper.application; includeInIndex = 0; path = RSSReader.app; sourceTree = BUILT_PRODUCTS_DIR; };
		643FA200298D312C0067910A /* AppDelegate.swift */ = {isa = PBXFileReference; lastKnownFileType = sourcecode.swift; path = AppDelegate.swift; sourceTree = "<group>"; };
		643FA202298D312C0067910A /* SceneDelegate.swift */ = {isa = PBXFileReference; lastKnownFileType = sourcecode.swift; path = SceneDelegate.swift; sourceTree = "<group>"; };
		643FA204298D312C0067910A /* NewsViewController.swift */ = {isa = PBXFileReference; lastKnownFileType = sourcecode.swift; path = NewsViewController.swift; sourceTree = "<group>"; };
		643FA209298D312D0067910A /* Assets.xcassets */ = {isa = PBXFileReference; lastKnownFileType = folder.assetcatalog; path = Assets.xcassets; sourceTree = "<group>"; };
		643FA20C298D312D0067910A /* Base */ = {isa = PBXFileReference; lastKnownFileType = file.storyboard; name = Base; path = Base.lproj/LaunchScreen.storyboard; sourceTree = "<group>"; };
		643FA20E298D312D0067910A /* Info.plist */ = {isa = PBXFileReference; lastKnownFileType = text.plist.xml; path = Info.plist; sourceTree = "<group>"; };
		643FA218298D35AC0067910A /* NewsTableView.swift */ = {isa = PBXFileReference; lastKnownFileType = sourcecode.swift; path = NewsTableView.swift; sourceTree = "<group>"; };
		643FA21A298D37630067910A /* NewsTableViewCell.swift */ = {isa = PBXFileReference; lastKnownFileType = sourcecode.swift; path = NewsTableViewCell.swift; sourceTree = "<group>"; };
		643FA21C298D4D6E0067910A /* DetailNewsView.swift */ = {isa = PBXFileReference; lastKnownFileType = sourcecode.swift; path = DetailNewsView.swift; sourceTree = "<group>"; };
		643FA21F298D839B0067910A /* NewsListViewModel.swift */ = {isa = PBXFileReference; lastKnownFileType = sourcecode.swift; path = NewsListViewModel.swift; sourceTree = "<group>"; };
		643FA225298D85590067910A /* NetworkDataService.swift */ = {isa = PBXFileReference; fileEncoding = 4; lastKnownFileType = sourcecode.swift; path = NetworkDataService.swift; sourceTree = "<group>"; };
		643FA227298D85590067910A /* DataFetcher.swift */ = {isa = PBXFileReference; fileEncoding = 4; lastKnownFileType = sourcecode.swift; path = DataFetcher.swift; sourceTree = "<group>"; };
		643FA229298D85590067910A /* ServiceType.swift */ = {isa = PBXFileReference; fileEncoding = 4; lastKnownFileType = sourcecode.swift; path = ServiceType.swift; sourceTree = "<group>"; };
		643FA22A298D85590067910A /* DataFetcherType.swift */ = {isa = PBXFileReference; fileEncoding = 4; lastKnownFileType = sourcecode.swift; path = DataFetcherType.swift; sourceTree = "<group>"; };
		643FA22B298D85590067910A /* NetworkDataServiceType.swift */ = {isa = PBXFileReference; fileEncoding = 4; lastKnownFileType = sourcecode.swift; path = NetworkDataServiceType.swift; sourceTree = "<group>"; };
		643FA22C298D85590067910A /* DataFetcherServiceType.swift */ = {isa = PBXFileReference; fileEncoding = 4; lastKnownFileType = sourcecode.swift; path = DataFetcherServiceType.swift; sourceTree = "<group>"; };
		643FA22E298D85590067910A /* ParametersType.swift */ = {isa = PBXFileReference; fileEncoding = 4; lastKnownFileType = sourcecode.swift; path = ParametersType.swift; sourceTree = "<group>"; };
		643FA231298D85590067910A /* LocalError.swift */ = {isa = PBXFileReference; fileEncoding = 4; lastKnownFileType = sourcecode.swift; path = LocalError.swift; sourceTree = "<group>"; };
		643FA232298D85590067910A /* CodableError.swift */ = {isa = PBXFileReference; fileEncoding = 4; lastKnownFileType = sourcecode.swift; path = CodableError.swift; sourceTree = "<group>"; };
		643FA233298D85590067910A /* CustomError.swift */ = {isa = PBXFileReference; fileEncoding = 4; lastKnownFileType = sourcecode.swift; path = CustomError.swift; sourceTree = "<group>"; };
		643FA234298D85590067910A /* NetworkError.swift */ = {isa = PBXFileReference; fileEncoding = 4; lastKnownFileType = sourcecode.swift; path = NetworkError.swift; sourceTree = "<group>"; };
		643FA236298D85590067910A /* AlamofireNetworkService.swift */ = {isa = PBXFileReference; fileEncoding = 4; lastKnownFileType = sourcecode.swift; path = AlamofireNetworkService.swift; sourceTree = "<group>"; };
		643FA244298D85A00067910A /* XMLDataFetcher.swift */ = {isa = PBXFileReference; lastKnownFileType = sourcecode.swift; path = XMLDataFetcher.swift; sourceTree = "<group>"; };
		643FA24A298D87170067910A /* AFError + extensions.swift */ = {isa = PBXFileReference; lastKnownFileType = sourcecode.swift; path = "AFError + extensions.swift"; sourceTree = "<group>"; };
		643FA24D298D8BDD0067910A /* NewsModel.swift */ = {isa = PBXFileReference; lastKnownFileType = sourcecode.swift; path = NewsModel.swift; sourceTree = "<group>"; };
/* End PBXFileReference section */

/* Begin PBXFrameworksBuildPhase section */
		643FA1FA298D312C0067910A /* Frameworks */ = {
			isa = PBXFrameworksBuildPhase;
			buildActionMask = 2147483647;
			files = (
				643A4455298F18CE0045A739 /* SnapKit in Frameworks */,
				643FA248298D864B0067910A /* Alamofire in Frameworks */,
				643FA251298D93A40067910A /* XMLParsing in Frameworks */,
			);
			runOnlyForDeploymentPostprocessing = 0;
		};
/* End PBXFrameworksBuildPhase section */

/* Begin PBXGroup section */
		643A4450298F15940045A739 /* Protocols */ = {
			isa = PBXGroup;
			children = (
				643A4451298F15A10045A739 /* Reloadable.swift */,
			);
			path = Protocols;
			sourceTree = "<group>";
		};
		643AA824298E3FD500CA082F /* Helper */ = {
			isa = PBXGroup;
			children = (
				643AA825298E3FDD00CA082F /* RequestStatuses.swift */,
			);
			path = Helper;
			sourceTree = "<group>";
		};
		643FA1F4298D312C0067910A = {
			isa = PBXGroup;
			children = (
				643FA1FF298D312C0067910A /* RSSReader */,
				643FA1FE298D312C0067910A /* Products */,
			);
			sourceTree = "<group>";
		};
		643FA1FE298D312C0067910A /* Products */ = {
			isa = PBXGroup;
			children = (
				643FA1FD298D312C0067910A /* RSSReader.app */,
			);
			name = Products;
			sourceTree = "<group>";
		};
		643FA1FF298D312C0067910A /* RSSReader */ = {
			isa = PBXGroup;
			children = (
				643AA824298E3FD500CA082F /* Helper */,
				643FA224298D85590067910A /* Service */,
				643FA24C298D8BC50067910A /* Models */,
				643FA221298D83A10067910A /* ViewModels */,
				643FA214298D354C0067910A /* Views */,
				643FA249298D86FE0067910A /* Extensions */,
				643FA216298D35660067910A /* Application */,
				643FA209298D312D0067910A /* Assets.xcassets */,
				643FA20B298D312D0067910A /* LaunchScreen.storyboard */,
				643FA20E298D312D0067910A /* Info.plist */,
			);
			path = RSSReader;
			sourceTree = "<group>";
		};
		643FA214298D354C0067910A /* Views */ = {
			isa = PBXGroup;
			children = (
				643A4450298F15940045A739 /* Protocols */,
				643FA21C298D4D6E0067910A /* DetailNewsView.swift */,
				643FA217298D35820067910A /* Controllers */,
				643FA215298D35540067910A /* CustomViews */,
			);
			path = Views;
			sourceTree = "<group>";
		};
		643FA215298D35540067910A /* CustomViews */ = {
			isa = PBXGroup;
			children = (
				643FA218298D35AC0067910A /* NewsTableView.swift */,
				643FA21A298D37630067910A /* NewsTableViewCell.swift */,
			);
			path = CustomViews;
			sourceTree = "<group>";
		};
		643FA216298D35660067910A /* Application */ = {
			isa = PBXGroup;
			children = (
				643FA200298D312C0067910A /* AppDelegate.swift */,
				643FA202298D312C0067910A /* SceneDelegate.swift */,
			);
			path = Application;
			sourceTree = "<group>";
		};
		643FA217298D35820067910A /* Controllers */ = {
			isa = PBXGroup;
			children = (
				643FA204298D312C0067910A /* NewsViewController.swift */,
			);
			path = Controllers;
			sourceTree = "<group>";
		};
		643FA221298D83A10067910A /* ViewModels */ = {
			isa = PBXGroup;
			children = (
				643FA21F298D839B0067910A /* NewsListViewModel.swift */,
				643AA827298E6F5700CA082F /* NewsViewModel.swift */,
			);
			path = ViewModels;
			sourceTree = "<group>";
		};
		643FA224298D85590067910A /* Service */ = {
			isa = PBXGroup;
			children = (
				643FA225298D85590067910A /* NetworkDataService.swift */,
				643FA226298D85590067910A /* DataCoders */,
				643FA228298D85590067910A /* Protocols */,
				643FA22D298D85590067910A /* Helpers */,
				643FA235298D85590067910A /* Services */,
			);
			path = Service;
			sourceTree = "<group>";
		};
		643FA226298D85590067910A /* DataCoders */ = {
			isa = PBXGroup;
			children = (
				643FA227298D85590067910A /* DataFetcher.swift */,
				643FA244298D85A00067910A /* XMLDataFetcher.swift */,
			);
			path = DataCoders;
			sourceTree = "<group>";
		};
		643FA228298D85590067910A /* Protocols */ = {
			isa = PBXGroup;
			children = (
				643FA229298D85590067910A /* ServiceType.swift */,
				643FA22A298D85590067910A /* DataFetcherType.swift */,
				643FA22B298D85590067910A /* NetworkDataServiceType.swift */,
				643FA22C298D85590067910A /* DataFetcherServiceType.swift */,
			);
			path = Protocols;
			sourceTree = "<group>";
		};
		643FA22D298D85590067910A /* Helpers */ = {
			isa = PBXGroup;
			children = (
				643FA22E298D85590067910A /* ParametersType.swift */,
				643FA230298D85590067910A /* Errors */,
			);
			path = Helpers;
			sourceTree = "<group>";
		};
		643FA230298D85590067910A /* Errors */ = {
			isa = PBXGroup;
			children = (
				643FA231298D85590067910A /* LocalError.swift */,
				643FA232298D85590067910A /* CodableError.swift */,
				643FA233298D85590067910A /* CustomError.swift */,
				643FA234298D85590067910A /* NetworkError.swift */,
			);
			path = Errors;
			sourceTree = "<group>";
		};
		643FA235298D85590067910A /* Services */ = {
			isa = PBXGroup;
			children = (
				643FA236298D85590067910A /* AlamofireNetworkService.swift */,
			);
			path = Services;
			sourceTree = "<group>";
		};
		643FA249298D86FE0067910A /* Extensions */ = {
			isa = PBXGroup;
			children = (
				643FA24A298D87170067910A /* AFError + extensions.swift */,
			);
			path = Extensions;
			sourceTree = "<group>";
		};
		643FA24C298D8BC50067910A /* Models */ = {
			isa = PBXGroup;
			children = (
				643FA24D298D8BDD0067910A /* NewsModel.swift */,
			);
			path = Models;
			sourceTree = "<group>";
		};
/* End PBXGroup section */

/* Begin PBXNativeTarget section */
		643FA1FC298D312C0067910A /* RSSReader */ = {
			isa = PBXNativeTarget;
			buildConfigurationList = 643FA211298D312D0067910A /* Build configuration list for PBXNativeTarget "RSSReader" */;
			buildPhases = (
				643FA1F9298D312C0067910A /* Sources */,
				643FA1FA298D312C0067910A /* Frameworks */,
				643FA1FB298D312C0067910A /* Resources */,
			);
			buildRules = (
			);
			dependencies = (
			);
			name = RSSReader;
			packageProductDependencies = (
				643FA247298D864B0067910A /* Alamofire */,
				643FA250298D93A40067910A /* XMLParsing */,
				643A4454298F18CE0045A739 /* SnapKit */,
			);
			productName = RSSReader;
			productReference = 643FA1FD298D312C0067910A /* RSSReader.app */;
			productType = "com.apple.product-type.application";
		};
/* End PBXNativeTarget section */

/* Begin PBXProject section */
		643FA1F5298D312C0067910A /* Project object */ = {
			isa = PBXProject;
			attributes = {
				BuildIndependentTargetsInParallel = 1;
				LastSwiftUpdateCheck = 1420;
				LastUpgradeCheck = 1420;
				TargetAttributes = {
					643FA1FC298D312C0067910A = {
						CreatedOnToolsVersion = 14.2;
					};
				};
			};
			buildConfigurationList = 643FA1F8298D312C0067910A /* Build configuration list for PBXProject "RSSReader" */;
			compatibilityVersion = "Xcode 14.0";
			developmentRegion = en;
			hasScannedForEncodings = 0;
			knownRegions = (
				en,
				Base,
			);
			mainGroup = 643FA1F4298D312C0067910A;
			packageReferences = (
				643FA246298D864B0067910A /* XCRemoteSwiftPackageReference "Alamofire" */,
				643FA24F298D93A40067910A /* XCRemoteSwiftPackageReference "XMLParsing" */,
				643A4453298F18CE0045A739 /* XCRemoteSwiftPackageReference "SnapKit" */,
			);
			productRefGroup = 643FA1FE298D312C0067910A /* Products */;
			projectDirPath = "";
			projectRoot = "";
			targets = (
				643FA1FC298D312C0067910A /* RSSReader */,
			);
		};
/* End PBXProject section */

/* Begin PBXResourcesBuildPhase section */
		643FA1FB298D312C0067910A /* Resources */ = {
			isa = PBXResourcesBuildPhase;
			buildActionMask = 2147483647;
			files = (
				643FA20D298D312D0067910A /* LaunchScreen.storyboard in Resources */,
				643FA20A298D312D0067910A /* Assets.xcassets in Resources */,
			);
			runOnlyForDeploymentPostprocessing = 0;
		};
/* End PBXResourcesBuildPhase section */

/* Begin PBXSourcesBuildPhase section */
		643FA1F9298D312C0067910A /* Sources */ = {
			isa = PBXSourcesBuildPhase;
			buildActionMask = 2147483647;
			files = (
				643FA23F298D85590067910A /* LocalError.swift in Sources */,
				643FA24E298D8BDD0067910A /* NewsModel.swift in Sources */,
				643FA237298D85590067910A /* NetworkDataService.swift in Sources */,
				643AA828298E6F5700CA082F /* NewsViewModel.swift in Sources */,
				643FA245298D85A00067910A /* XMLDataFetcher.swift in Sources */,
				643FA24B298D87170067910A /* AFError + extensions.swift in Sources */,
				643FA23D298D85590067910A /* ParametersType.swift in Sources */,
				643FA205298D312C0067910A /* NewsViewController.swift in Sources */,
				643FA23B298D85590067910A /* NetworkDataServiceType.swift in Sources */,
				643FA241298D85590067910A /* CustomError.swift in Sources */,
				643FA201298D312C0067910A /* AppDelegate.swift in Sources */,
				643FA23C298D85590067910A /* DataFetcherServiceType.swift in Sources */,
				643FA23A298D85590067910A /* DataFetcherType.swift in Sources */,
				643FA21B298D37630067910A /* NewsTableViewCell.swift in Sources */,
				643FA219298D35AC0067910A /* NewsTableView.swift in Sources */,
				643A4452298F15A10045A739 /* Reloadable.swift in Sources */,
				643FA240298D85590067910A /* CodableError.swift in Sources */,
				643AA826298E3FDD00CA082F /* RequestStatuses.swift in Sources */,
				643FA239298D85590067910A /* ServiceType.swift in Sources */,
				643FA220298D839B0067910A /* NewsListViewModel.swift in Sources */,
				643FA243298D85590067910A /* AlamofireNetworkService.swift in Sources */,
				643FA238298D85590067910A /* DataFetcher.swift in Sources */,
				643FA21D298D4D6E0067910A /* DetailNewsView.swift in Sources */,
				643FA203298D312C0067910A /* SceneDelegate.swift in Sources */,
				643FA242298D85590067910A /* NetworkError.swift in Sources */,
			);
			runOnlyForDeploymentPostprocessing = 0;
		};
/* End PBXSourcesBuildPhase section */

/* Begin PBXVariantGroup section */
		643FA20B298D312D0067910A /* LaunchScreen.storyboard */ = {
			isa = PBXVariantGroup;
			children = (
				643FA20C298D312D0067910A /* Base */,
			);
			name = LaunchScreen.storyboard;
			sourceTree = "<group>";
		};
/* End PBXVariantGroup section */

/* Begin XCBuildConfiguration section */
		643FA20F298D312D0067910A /* Debug */ = {
			isa = XCBuildConfiguration;
			buildSettings = {
				ALWAYS_SEARCH_USER_PATHS = NO;
				CLANG_ANALYZER_NONNULL = YES;
				CLANG_ANALYZER_NUMBER_OBJECT_CONVERSION = YES_AGGRESSIVE;
				CLANG_CXX_LANGUAGE_STANDARD = "gnu++20";
				CLANG_ENABLE_MODULES = YES;
				CLANG_ENABLE_OBJC_ARC = YES;
				CLANG_ENABLE_OBJC_WEAK = YES;
				CLANG_WARN_BLOCK_CAPTURE_AUTORELEASING = YES;
				CLANG_WARN_BOOL_CONVERSION = YES;
				CLANG_WARN_COMMA = YES;
				CLANG_WARN_CONSTANT_CONVERSION = YES;
				CLANG_WARN_DEPRECATED_OBJC_IMPLEMENTATIONS = YES;
				CLANG_WARN_DIRECT_OBJC_ISA_USAGE = YES_ERROR;
				CLANG_WARN_DOCUMENTATION_COMMENTS = YES;
				CLANG_WARN_EMPTY_BODY = YES;
				CLANG_WARN_ENUM_CONVERSION = YES;
				CLANG_WARN_INFINITE_RECURSION = YES;
				CLANG_WARN_INT_CONVERSION = YES;
				CLANG_WARN_NON_LITERAL_NULL_CONVERSION = YES;
				CLANG_WARN_OBJC_IMPLICIT_RETAIN_SELF = YES;
				CLANG_WARN_OBJC_LITERAL_CONVERSION = YES;
				CLANG_WARN_OBJC_ROOT_CLASS = YES_ERROR;
				CLANG_WARN_QUOTED_INCLUDE_IN_FRAMEWORK_HEADER = YES;
				CLANG_WARN_RANGE_LOOP_ANALYSIS = YES;
				CLANG_WARN_STRICT_PROTOTYPES = YES;
				CLANG_WARN_SUSPICIOUS_MOVE = YES;
				CLANG_WARN_UNGUARDED_AVAILABILITY = YES_AGGRESSIVE;
				CLANG_WARN_UNREACHABLE_CODE = YES;
				CLANG_WARN__DUPLICATE_METHOD_MATCH = YES;
				COPY_PHASE_STRIP = NO;
				DEBUG_INFORMATION_FORMAT = dwarf;
				ENABLE_STRICT_OBJC_MSGSEND = YES;
				ENABLE_TESTABILITY = YES;
				GCC_C_LANGUAGE_STANDARD = gnu11;
				GCC_DYNAMIC_NO_PIC = NO;
				GCC_NO_COMMON_BLOCKS = YES;
				GCC_OPTIMIZATION_LEVEL = 0;
				GCC_PREPROCESSOR_DEFINITIONS = (
					"DEBUG=1",
					"$(inherited)",
				);
				GCC_WARN_64_TO_32_BIT_CONVERSION = YES;
				GCC_WARN_ABOUT_RETURN_TYPE = YES_ERROR;
				GCC_WARN_UNDECLARED_SELECTOR = YES;
				GCC_WARN_UNINITIALIZED_AUTOS = YES_AGGRESSIVE;
				GCC_WARN_UNUSED_FUNCTION = YES;
				GCC_WARN_UNUSED_VARIABLE = YES;
				IPHONEOS_DEPLOYMENT_TARGET = 16.2;
				MTL_ENABLE_DEBUG_INFO = INCLUDE_SOURCE;
				MTL_FAST_MATH = YES;
				ONLY_ACTIVE_ARCH = YES;
				SDKROOT = iphoneos;
				SWIFT_ACTIVE_COMPILATION_CONDITIONS = DEBUG;
				SWIFT_OPTIMIZATION_LEVEL = "-Onone";
			};
			name = Debug;
		};
		643FA210298D312D0067910A /* Release */ = {
			isa = XCBuildConfiguration;
			buildSettings = {
				ALWAYS_SEARCH_USER_PATHS = NO;
				CLANG_ANALYZER_NONNULL = YES;
				CLANG_ANALYZER_NUMBER_OBJECT_CONVERSION = YES_AGGRESSIVE;
				CLANG_CXX_LANGUAGE_STANDARD = "gnu++20";
				CLANG_ENABLE_MODULES = YES;
				CLANG_ENABLE_OBJC_ARC = YES;
				CLANG_ENABLE_OBJC_WEAK = YES;
				CLANG_WARN_BLOCK_CAPTURE_AUTORELEASING = YES;
				CLANG_WARN_BOOL_CONVERSION = YES;
				CLANG_WARN_COMMA = YES;
				CLANG_WARN_CONSTANT_CONVERSION = YES;
				CLANG_WARN_DEPRECATED_OBJC_IMPLEMENTATIONS = YES;
				CLANG_WARN_DIRECT_OBJC_ISA_USAGE = YES_ERROR;
				CLANG_WARN_DOCUMENTATION_COMMENTS = YES;
				CLANG_WARN_EMPTY_BODY = YES;
				CLANG_WARN_ENUM_CONVERSION = YES;
				CLANG_WARN_INFINITE_RECURSION = YES;
				CLANG_WARN_INT_CONVERSION = YES;
				CLANG_WARN_NON_LITERAL_NULL_CONVERSION = YES;
				CLANG_WARN_OBJC_IMPLICIT_RETAIN_SELF = YES;
				CLANG_WARN_OBJC_LITERAL_CONVERSION = YES;
				CLANG_WARN_OBJC_ROOT_CLASS = YES_ERROR;
				CLANG_WARN_QUOTED_INCLUDE_IN_FRAMEWORK_HEADER = YES;
				CLANG_WARN_RANGE_LOOP_ANALYSIS = YES;
				CLANG_WARN_STRICT_PROTOTYPES = YES;
				CLANG_WARN_SUSPICIOUS_MOVE = YES;
				CLANG_WARN_UNGUARDED_AVAILABILITY = YES_AGGRESSIVE;
				CLANG_WARN_UNREACHABLE_CODE = YES;
				CLANG_WARN__DUPLICATE_METHOD_MATCH = YES;
				COPY_PHASE_STRIP = NO;
				DEBUG_INFORMATION_FORMAT = "dwarf-with-dsym";
				ENABLE_NS_ASSERTIONS = NO;
				ENABLE_STRICT_OBJC_MSGSEND = YES;
				GCC_C_LANGUAGE_STANDARD = gnu11;
				GCC_NO_COMMON_BLOCKS = YES;
				GCC_WARN_64_TO_32_BIT_CONVERSION = YES;
				GCC_WARN_ABOUT_RETURN_TYPE = YES_ERROR;
				GCC_WARN_UNDECLARED_SELECTOR = YES;
				GCC_WARN_UNINITIALIZED_AUTOS = YES_AGGRESSIVE;
				GCC_WARN_UNUSED_FUNCTION = YES;
				GCC_WARN_UNUSED_VARIABLE = YES;
				IPHONEOS_DEPLOYMENT_TARGET = 16.2;
				MTL_ENABLE_DEBUG_INFO = NO;
				MTL_FAST_MATH = YES;
				SDKROOT = iphoneos;
				SWIFT_COMPILATION_MODE = wholemodule;
				SWIFT_OPTIMIZATION_LEVEL = "-O";
				VALIDATE_PRODUCT = YES;
			};
			name = Release;
		};
		643FA212298D312D0067910A /* Debug */ = {
			isa = XCBuildConfiguration;
			buildSettings = {
				ASSETCATALOG_COMPILER_APPICON_NAME = AppIcon;
				ASSETCATALOG_COMPILER_GLOBAL_ACCENT_COLOR_NAME = AccentColor;
				CODE_SIGN_STYLE = Automatic;
				CURRENT_PROJECT_VERSION = 1;
				DEVELOPMENT_TEAM = 5FC37NQ6S2;
				GENERATE_INFOPLIST_FILE = YES;
				INFOPLIST_FILE = RSSReader/Info.plist;
				INFOPLIST_KEY_UIApplicationSupportsIndirectInputEvents = YES;
				INFOPLIST_KEY_UILaunchStoryboardName = LaunchScreen;
				INFOPLIST_KEY_UISupportedInterfaceOrientations_iPad = "UIInterfaceOrientationPortrait UIInterfaceOrientationPortraitUpsideDown UIInterfaceOrientationLandscapeLeft UIInterfaceOrientationLandscapeRight";
				INFOPLIST_KEY_UISupportedInterfaceOrientations_iPhone = "UIInterfaceOrientationPortrait UIInterfaceOrientationLandscapeLeft UIInterfaceOrientationLandscapeRight";
				LD_RUNPATH_SEARCH_PATHS = (
					"$(inherited)",
					"@executable_path/Frameworks",
				);
				MARKETING_VERSION = 1.0;
				PRODUCT_BUNDLE_IDENTIFIER = fladecx.RSSReader;
				PRODUCT_NAME = "$(TARGET_NAME)";
				SUPPORTED_PLATFORMS = "iphoneos iphonesimulator";
				SUPPORTS_MACCATALYST = NO;
				SUPPORTS_MAC_DESIGNED_FOR_IPHONE_IPAD = NO;
				SWIFT_EMIT_LOC_STRINGS = YES;
				SWIFT_VERSION = 5.0;
				TARGETED_DEVICE_FAMILY = 1;
			};
			name = Debug;
		};
		643FA213298D312D0067910A /* Release */ = {
			isa = XCBuildConfiguration;
			buildSettings = {
				ASSETCATALOG_COMPILER_APPICON_NAME = AppIcon;
				ASSETCATALOG_COMPILER_GLOBAL_ACCENT_COLOR_NAME = AccentColor;
				CODE_SIGN_STYLE = Automatic;
				CURRENT_PROJECT_VERSION = 1;
				DEVELOPMENT_TEAM = 5FC37NQ6S2;
				GENERATE_INFOPLIST_FILE = YES;
				INFOPLIST_FILE = RSSReader/Info.plist;
				INFOPLIST_KEY_UIApplicationSupportsIndirectInputEvents = YES;
				INFOPLIST_KEY_UILaunchStoryboardName = LaunchScreen;
				INFOPLIST_KEY_UISupportedInterfaceOrientations_iPad = "UIInterfaceOrientationPortrait UIInterfaceOrientationPortraitUpsideDown UIInterfaceOrientationLandscapeLeft UIInterfaceOrientationLandscapeRight";
				INFOPLIST_KEY_UISupportedInterfaceOrientations_iPhone = "UIInterfaceOrientationPortrait UIInterfaceOrientationLandscapeLeft UIInterfaceOrientationLandscapeRight";
				LD_RUNPATH_SEARCH_PATHS = (
					"$(inherited)",
					"@executable_path/Frameworks",
				);
				MARKETING_VERSION = 1.0;
				PRODUCT_BUNDLE_IDENTIFIER = fladecx.RSSReader;
				PRODUCT_NAME = "$(TARGET_NAME)";
				SUPPORTED_PLATFORMS = "iphoneos iphonesimulator";
				SUPPORTS_MACCATALYST = NO;
				SUPPORTS_MAC_DESIGNED_FOR_IPHONE_IPAD = NO;
				SWIFT_EMIT_LOC_STRINGS = YES;
				SWIFT_VERSION = 5.0;
				TARGETED_DEVICE_FAMILY = 1;
			};
			name = Release;
		};
/* End XCBuildConfiguration section */

/* Begin XCConfigurationList section */
		643FA1F8298D312C0067910A /* Build configuration list for PBXProject "RSSReader" */ = {
			isa = XCConfigurationList;
			buildConfigurations = (
				643FA20F298D312D0067910A /* Debug */,
				643FA210298D312D0067910A /* Release */,
			);
			defaultConfigurationIsVisible = 0;
			defaultConfigurationName = Release;
		};
		643FA211298D312D0067910A /* Build configuration list for PBXNativeTarget "RSSReader" */ = {
			isa = XCConfigurationList;
			buildConfigurations = (
				643FA212298D312D0067910A /* Debug */,
				643FA213298D312D0067910A /* Release */,
			);
			defaultConfigurationIsVisible = 0;
			defaultConfigurationName = Release;
		};
/* End XCConfigurationList section */

/* Begin XCRemoteSwiftPackageReference section */
		643A4453298F18CE0045A739 /* XCRemoteSwiftPackageReference "SnapKit" */ = {
			isa = XCRemoteSwiftPackageReference;
			repositoryURL = "https://github.com/SnapKit/SnapKit.git";
			requirement = {
				kind = upToNextMajorVersion;
				minimumVersion = 5.0.0;
			};
		};
		643FA246298D864B0067910A /* XCRemoteSwiftPackageReference "Alamofire" */ = {
			isa = XCRemoteSwiftPackageReference;
			repositoryURL = "https://github.com/Alamofire/Alamofire";
			requirement = {
				kind = upToNextMajorVersion;
				minimumVersion = 5.0.0;
			};
		};
		643FA24F298D93A40067910A /* XCRemoteSwiftPackageReference "XMLParsing" */ = {
			isa = XCRemoteSwiftPackageReference;
			repositoryURL = "https://github.com/ShawnMoore/XMLParsing.git";
			requirement = {
				kind = upToNextMajorVersion;
				minimumVersion = 0.0.3;
			};
		};
/* End XCRemoteSwiftPackageReference section */

/* Begin XCSwiftPackageProductDependency section */
		643A4454298F18CE0045A739 /* SnapKit */ = {
			isa = XCSwiftPackageProductDependency;
			package = 643A4453298F18CE0045A739 /* XCRemoteSwiftPackageReference "SnapKit" */;
			productName = SnapKit;
		};
		643FA247298D864B0067910A /* Alamofire */ = {
			isa = XCSwiftPackageProductDependency;
			package = 643FA246298D864B0067910A /* XCRemoteSwiftPackageReference "Alamofire" */;
			productName = Alamofire;
		};
		643FA250298D93A40067910A /* XMLParsing */ = {
			isa = XCSwiftPackageProductDependency;
			package = 643FA24F298D93A40067910A /* XCRemoteSwiftPackageReference "XMLParsing" */;
			productName = XMLParsing;
		};
/* End XCSwiftPackageProductDependency section */
	};
	rootObject = 643FA1F5298D312C0067910A /* Project object */;
}
